{
    "behat/transliterator": {
        "version": "v1.3.0"
    },
    "doctrine/data-fixtures": {
        "version": "1.4.3"
    },
    "doctrine/doctrine-fixtures-bundle": {
        "version": "3.0",
        "recipe": {
            "repo": "github.com/symfony/recipes",
            "branch": "master",
            "version": "3.0",
            "ref": "fc52d86631a6dfd9fdf3381d0b7e3df2069e51b3"
        },
        "files": [
            "./src/DataFixtures/AppFixtures.php"
        ]
    },
    "gedmo/doctrine-extensions": {
        "version": "v2.4.41"
    },
    "php": {
        "version": "7.4"
    },
    "sensio/framework-extra-bundle": {
        "version": "5.2",
        "recipe": {
            "repo": "github.com/symfony/recipes",
            "branch": "master",
            "version": "5.2",
            "ref": "fb7e19da7f013d0d422fa9bce16f5c510e27609b"
        },
        "files": [
            "./config/packages/sensio_framework_extra.yaml"
        ]
    },
    "stof/doctrine-extensions-bundle": {
        "version": "1.2",
        "recipe": {
            "repo": "github.com/symfony/recipes-contrib",
            "branch": "master",
            "version": "1.2",
            "ref": "6c1ceb662f8997085f739cd089bfbef67f245983"
        },
        "files": [
            "./config/packages/stof_doctrine_extensions.yaml"
        ]
    },
    "symfony/inflector": {
        "version": "v4.4.10"
    },
    "symfony/property-access": {
        "version": "v4.4.10"
    },
    "symfony/serializer": {
        "version": "v4.4.10"
    }
}
